// !$*UTF8*$!
{
	archiveVersion = 1;
	classes = {
	};
	objectVersion = 56;
	objects = {

/* Begin PBXBuildFile section */
		B24DBABE29B01DCC0021B2E9 /* TVOS_SwiftUI_CombineApp.swift in Sources */ = {isa = PBXBuildFile; fileRef = B24DBABD29B01DCC0021B2E9 /* TVOS_SwiftUI_CombineApp.swift */; };
		B24DBAC029B01DCC0021B2E9 /* ContentView.swift in Sources */ = {isa = PBXBuildFile; fileRef = B24DBABF29B01DCC0021B2E9 /* ContentView.swift */; };
		B24DBAC229B01DCD0021B2E9 /* Assets.xcassets in Resources */ = {isa = PBXBuildFile; fileRef = B24DBAC129B01DCD0021B2E9 /* Assets.xcassets */; };
		B24DBAC529B01DCD0021B2E9 /* Preview Assets.xcassets in Resources */ = {isa = PBXBuildFile; fileRef = B24DBAC429B01DCD0021B2E9 /* Preview Assets.xcassets */; };
		B24DBAD029B01E480021B2E9 /* MovieService.swift in Sources */ = {isa = PBXBuildFile; fileRef = B24DBACF29B01E480021B2E9 /* MovieService.swift */; };
		B24DBAD629B01EAD0021B2E9 /* ProductionCountries.swift in Sources */ = {isa = PBXBuildFile; fileRef = B24DBAD129B01EAD0021B2E9 /* ProductionCountries.swift */; };
		B24DBAD729B01EAD0021B2E9 /* Model.swift in Sources */ = {isa = PBXBuildFile; fileRef = B24DBAD229B01EAD0021B2E9 /* Model.swift */; };
		B24DBAD829B01EAD0021B2E9 /* Genres.swift in Sources */ = {isa = PBXBuildFile; fileRef = B24DBAD329B01EAD0021B2E9 /* Genres.swift */; };
		B24DBAD929B01EAD0021B2E9 /* Movie.swift in Sources */ = {isa = PBXBuildFile; fileRef = B24DBAD429B01EAD0021B2E9 /* Movie.swift */; };
		B24DBADA29B01EAD0021B2E9 /* ProductionCompanies.swift in Sources */ = {isa = PBXBuildFile; fileRef = B24DBAD529B01EAD0021B2E9 /* ProductionCompanies.swift */; };
		B24DBADC29B01FA10021B2E9 /* ContentViewModel.swift in Sources */ = {isa = PBXBuildFile; fileRef = B24DBADB29B01FA10021B2E9 /* ContentViewModel.swift */; };
		B24DBADE29B020850021B2E9 /* SpokenLanguages.swift in Sources */ = {isa = PBXBuildFile; fileRef = B24DBADD29B020850021B2E9 /* SpokenLanguages.swift */; };
		B24DBAE029B024380021B2E9 /* RemoteImage.swift in Sources */ = {isa = PBXBuildFile; fileRef = B24DBADF29B024380021B2E9 /* RemoteImage.swift */; };
/* End PBXBuildFile section */

/* Begin PBXFileReference section */
		B24DBABA29B01DCC0021B2E9 /* TVOS+SwiftUI+Combine.app */ = {isa = PBXFileReference; explicitFileType = wrapper.application; includeInIndex = 0; path = "TVOS+SwiftUI+Combine.app"; sourceTree = BUILT_PRODUCTS_DIR; };
		B24DBABD29B01DCC0021B2E9 /* TVOS_SwiftUI_CombineApp.swift */ = {isa = PBXFileReference; lastKnownFileType = sourcecode.swift; path = TVOS_SwiftUI_CombineApp.swift; sourceTree = "<group>"; };
		B24DBABF29B01DCC0021B2E9 /* ContentView.swift */ = {isa = PBXFileReference; lastKnownFileType = sourcecode.swift; path = ContentView.swift; sourceTree = "<group>"; };
		B24DBAC129B01DCD0021B2E9 /* Assets.xcassets */ = {isa = PBXFileReference; lastKnownFileType = folder.assetcatalog; path = Assets.xcassets; sourceTree = "<group>"; };
		B24DBAC429B01DCD0021B2E9 /* Preview Assets.xcassets */ = {isa = PBXFileReference; lastKnownFileType = folder.assetcatalog; path = "Preview Assets.xcassets"; sourceTree = "<group>"; };
		B24DBACF29B01E480021B2E9 /* MovieService.swift */ = {isa = PBXFileReference; lastKnownFileType = sourcecode.swift; path = MovieService.swift; sourceTree = "<group>"; };
		B24DBAD129B01EAD0021B2E9 /* ProductionCountries.swift */ = {isa = PBXFileReference; fileEncoding = 4; lastKnownFileType = sourcecode.swift; path = ProductionCountries.swift; sourceTree = "<group>"; };
		B24DBAD229B01EAD0021B2E9 /* Model.swift */ = {isa = PBXFileReference; fileEncoding = 4; lastKnownFileType = sourcecode.swift; path = Model.swift; sourceTree = "<group>"; };
		B24DBAD329B01EAD0021B2E9 /* Genres.swift */ = {isa = PBXFileReference; fileEncoding = 4; lastKnownFileType = sourcecode.swift; path = Genres.swift; sourceTree = "<group>"; };
		B24DBAD429B01EAD0021B2E9 /* Movie.swift */ = {isa = PBXFileReference; fileEncoding = 4; lastKnownFileType = sourcecode.swift; path = Movie.swift; sourceTree = "<group>"; };
		B24DBAD529B01EAD0021B2E9 /* ProductionCompanies.swift */ = {isa = PBXFileReference; fileEncoding = 4; lastKnownFileType = sourcecode.swift; path = ProductionCompanies.swift; sourceTree = "<group>"; };
		B24DBADB29B01FA10021B2E9 /* ContentViewModel.swift */ = {isa = PBXFileReference; lastKnownFileType = sourcecode.swift; path = ContentViewModel.swift; sourceTree = "<group>"; };
		B24DBADD29B020850021B2E9 /* SpokenLanguages.swift */ = {isa = PBXFileReference; lastKnownFileType = sourcecode.swift; path = SpokenLanguages.swift; sourceTree = "<group>"; };
		B24DBADF29B024380021B2E9 /* RemoteImage.swift */ = {isa = PBXFileReference; lastKnownFileType = sourcecode.swift; path = RemoteImage.swift; sourceTree = "<group>"; };
/* End PBXFileReference section */

/* Begin PBXFrameworksBuildPhase section */
		B24DBAB729B01DCC0021B2E9 /* Frameworks */ = {
			isa = PBXFrameworksBuildPhase;
			buildActionMask = 2147483647;
			files = (
			);
			runOnlyForDeploymentPostprocessing = 0;
		};
/* End PBXFrameworksBuildPhase section */

/* Begin PBXGroup section */
		B24DBAB129B01DCC0021B2E9 = {
			isa = PBXGroup;
			children = (
				B24DBABC29B01DCC0021B2E9 /* TVOS+SwiftUI+Combine */,
				B24DBABB29B01DCC0021B2E9 /* Products */,
			);
			sourceTree = "<group>";
		};
		B24DBABB29B01DCC0021B2E9 /* Products */ = {
			isa = PBXGroup;
			children = (
				B24DBABA29B01DCC0021B2E9 /* TVOS+SwiftUI+Combine.app */,
			);
			name = Products;
			sourceTree = "<group>";
		};
		B24DBABC29B01DCC0021B2E9 /* TVOS+SwiftUI+Combine */ = {
			isa = PBXGroup;
			children = (
				B24DBAE329B02F520021B2E9 /* View */,
				B24DBACE29B01DE30021B2E9 /* ViewModel */,
				B24DBACD29B01DE00021B2E9 /* ViewController */,
				B24DBACC29B01DDD0021B2E9 /* Model */,
				B24DBACB29B01DD90021B2E9 /* Service */,
				B24DBABD29B01DCC0021B2E9 /* TVOS_SwiftUI_CombineApp.swift */,
				B24DBAC129B01DCD0021B2E9 /* Assets.xcassets */,
				B24DBAC329B01DCD0021B2E9 /* Preview Content */,
			);
			path = "TVOS+SwiftUI+Combine";
			sourceTree = "<group>";
		};
		B24DBAC329B01DCD0021B2E9 /* Preview Content */ = {
			isa = PBXGroup;
			children = (
				B24DBAC429B01DCD0021B2E9 /* Preview Assets.xcassets */,
			);
			path = "Preview Content";
			sourceTree = "<group>";
		};
		B24DBACB29B01DD90021B2E9 /* Service */ = {
			isa = PBXGroup;
			children = (
				B24DBACF29B01E480021B2E9 /* MovieService.swift */,
			);
			path = Service;
			sourceTree = "<group>";
		};
		B24DBACC29B01DDD0021B2E9 /* Model */ = {
			isa = PBXGroup;
			children = (
				B24DBAD329B01EAD0021B2E9 /* Genres.swift */,
				B24DBAD229B01EAD0021B2E9 /* Model.swift */,
				B24DBADD29B020850021B2E9 /* SpokenLanguages.swift */,
				B24DBAD429B01EAD0021B2E9 /* Movie.swift */,
				B24DBAD529B01EAD0021B2E9 /* ProductionCompanies.swift */,
				B24DBAD129B01EAD0021B2E9 /* ProductionCountries.swift */,
			);
			path = Model;
			sourceTree = "<group>";
		};
		B24DBACD29B01DE00021B2E9 /* ViewController */ = {
			isa = PBXGroup;
			children = (
				B24DBABF29B01DCC0021B2E9 /* ContentView.swift */,
			);
			path = ViewController;
			sourceTree = "<group>";
		};
		B24DBACE29B01DE30021B2E9 /* ViewModel */ = {
			isa = PBXGroup;
			children = (
				B24DBADB29B01FA10021B2E9 /* ContentViewModel.swift */,
			);
			path = ViewModel;
			sourceTree = "<group>";
		};
		B24DBAE329B02F520021B2E9 /* View */ = {
			isa = PBXGroup;
			children = (
				B24DBADF29B024380021B2E9 /* RemoteImage.swift */,
			);
			path = View;
			sourceTree = "<group>";
		};
/* End PBXGroup section */

/* Begin PBXNativeTarget section */
		B24DBAB929B01DCC0021B2E9 /* TVOS+SwiftUI+Combine */ = {
			isa = PBXNativeTarget;
			buildConfigurationList = B24DBAC829B01DCD0021B2E9 /* Build configuration list for PBXNativeTarget "TVOS+SwiftUI+Combine" */;
			buildPhases = (
				B24DBAB629B01DCC0021B2E9 /* Sources */,
				B24DBAB729B01DCC0021B2E9 /* Frameworks */,
				B24DBAB829B01DCC0021B2E9 /* Resources */,
			);
			buildRules = (
			);
			dependencies = (
			);
			name = "TVOS+SwiftUI+Combine";
			productName = "TVOS+SwiftUI+Combine";
			productReference = B24DBABA29B01DCC0021B2E9 /* TVOS+SwiftUI+Combine.app */;
			productType = "com.apple.product-type.application";
		};
/* End PBXNativeTarget section */

/* Begin PBXProject section */
		B24DBAB229B01DCC0021B2E9 /* Project object */ = {
			isa = PBXProject;
			attributes = {
				BuildIndependentTargetsInParallel = 1;
				LastSwiftUpdateCheck = 1400;
				LastUpgradeCheck = 1400;
				TargetAttributes = {
					B24DBAB929B01DCC0021B2E9 = {
						CreatedOnToolsVersion = 14.0;
					};
				};
			};
			buildConfigurationList = B24DBAB529B01DCC0021B2E9 /* Build configuration list for PBXProject "TVOS+SwiftUI+Combine" */;
			compatibilityVersion = "Xcode 14.0";
			developmentRegion = en;
			hasScannedForEncodings = 0;
			knownRegions = (
				en,
				Base,
			);
			mainGroup = B24DBAB129B01DCC0021B2E9;
			productRefGroup = B24DBABB29B01DCC0021B2E9 /* Products */;
			projectDirPath = "";
			projectRoot = "";
			targets = (
				B24DBAB929B01DCC0021B2E9 /* TVOS+SwiftUI+Combine */,
			);
		};
/* End PBXProject section */

/* Begin PBXResourcesBuildPhase section */
		B24DBAB829B01DCC0021B2E9 /* Resources */ = {
			isa = PBXResourcesBuildPhase;
			buildActionMask = 2147483647;
			files = (
				B24DBAC529B01DCD0021B2E9 /* Preview Assets.xcassets in Resources */,
				B24DBAC229B01DCD0021B2E9 /* Assets.xcassets in Resources */,
			);
			runOnlyForDeploymentPostprocessing = 0;
		};
/* End PBXResourcesBuildPhase section */

/* Begin PBXSourcesBuildPhase section */
		B24DBAB629B01DCC0021B2E9 /* Sources */ = {
			isa = PBXSourcesBuildPhase;
			buildActionMask = 2147483647;
			files = (
				B24DBAD929B01EAD0021B2E9 /* Movie.swift in Sources */,
				B24DBAD729B01EAD0021B2E9 /* Model.swift in Sources */,
				B24DBADA29B01EAD0021B2E9 /* ProductionCompanies.swift in Sources */,
				B24DBAD029B01E480021B2E9 /* MovieService.swift in Sources */,
				B24DBAE029B024380021B2E9 /* RemoteImage.swift in Sources */,
				B24DBAC029B01DCC0021B2E9 /* ContentView.swift in Sources */,
				B24DBADC29B01FA10021B2E9 /* ContentViewModel.swift in Sources */,
				B24DBAD829B01EAD0021B2E9 /* Genres.swift in Sources */,
				B24DBABE29B01DCC0021B2E9 /* TVOS_SwiftUI_CombineApp.swift in Sources */,
				B24DBAD629B01EAD0021B2E9 /* ProductionCountries.swift in Sources */,
				B24DBADE29B020850021B2E9 /* SpokenLanguages.swift in Sources */,
			);
			runOnlyForDeploymentPostprocessing = 0;
		};
/* End PBXSourcesBuildPhase section */

/* Begin XCBuildConfiguration section */
		B24DBAC629B01DCD0021B2E9 /* Debug */ = {
			isa = XCBuildConfiguration;
			buildSettings = {
				ALWAYS_SEARCH_USER_PATHS = NO;
				CLANG_ANALYZER_NONNULL = YES;
				CLANG_ANALYZER_NUMBER_OBJECT_CONVERSION = YES_AGGRESSIVE;
				CLANG_CXX_LANGUAGE_STANDARD = "gnu++20";
				CLANG_ENABLE_MODULES = YES;
				CLANG_ENABLE_OBJC_ARC = YES;
				CLANG_ENABLE_OBJC_WEAK = YES;
				CLANG_WARN_BLOCK_CAPTURE_AUTORELEASING = YES;
				CLANG_WARN_BOOL_CONVERSION = YES;
				CLANG_WARN_COMMA = YES;
				CLANG_WARN_CONSTANT_CONVERSION = YES;
				CLANG_WARN_DEPRECATED_OBJC_IMPLEMENTATIONS = YES;
				CLANG_WARN_DIRECT_OBJC_ISA_USAGE = YES_ERROR;
				CLANG_WARN_DOCUMENTATION_COMMENTS = YES;
				CLANG_WARN_EMPTY_BODY = YES;
				CLANG_WARN_ENUM_CONVERSION = YES;
				CLANG_WARN_INFINITE_RECURSION = YES;
				CLANG_WARN_INT_CONVERSION = YES;
				CLANG_WARN_NON_LITERAL_NULL_CONVERSION = YES;
				CLANG_WARN_OBJC_IMPLICIT_RETAIN_SELF = YES;
				CLANG_WARN_OBJC_LITERAL_CONVERSION = YES;
				CLANG_WARN_OBJC_ROOT_CLASS = YES_ERROR;
				CLANG_WARN_QUOTED_INCLUDE_IN_FRAMEWORK_HEADER = YES;
				CLANG_WARN_RANGE_LOOP_ANALYSIS = YES;
				CLANG_WARN_STRICT_PROTOTYPES = YES;
				CLANG_WARN_SUSPICIOUS_MOVE = YES;
				CLANG_WARN_UNGUARDED_AVAILABILITY = YES_AGGRESSIVE;
				CLANG_WARN_UNREACHABLE_CODE = YES;
				CLANG_WARN__DUPLICATE_METHOD_MATCH = YES;
				COPY_PHASE_STRIP = NO;
				DEBUG_INFORMATION_FORMAT = dwarf;
				ENABLE_STRICT_OBJC_MSGSEND = YES;
				ENABLE_TESTABILITY = YES;
				GCC_C_LANGUAGE_STANDARD = gnu11;
				GCC_DYNAMIC_NO_PIC = NO;
				GCC_NO_COMMON_BLOCKS = YES;
				GCC_OPTIMIZATION_LEVEL = 0;
				GCC_PREPROCESSOR_DEFINITIONS = (
					"DEBUG=1",
					"$(inherited)",
				);
				GCC_WARN_64_TO_32_BIT_CONVERSION = YES;
				GCC_WARN_ABOUT_RETURN_TYPE = YES_ERROR;
				GCC_WARN_UNDECLARED_SELECTOR = YES;
				GCC_WARN_UNINITIALIZED_AUTOS = YES_AGGRESSIVE;
				GCC_WARN_UNUSED_FUNCTION = YES;
				GCC_WARN_UNUSED_VARIABLE = YES;
				MTL_ENABLE_DEBUG_INFO = INCLUDE_SOURCE;
				MTL_FAST_MATH = YES;
				ONLY_ACTIVE_ARCH = YES;
				SDKROOT = appletvos;
				SWIFT_ACTIVE_COMPILATION_CONDITIONS = DEBUG;
				SWIFT_OPTIMIZATION_LEVEL = "-Onone";
				TVOS_DEPLOYMENT_TARGET = 16.0;
			};
			name = Debug;
		};
		B24DBAC729B01DCD0021B2E9 /* Release */ = {
			isa = XCBuildConfiguration;
			buildSettings = {
				ALWAYS_SEARCH_USER_PATHS = NO;
				CLANG_ANALYZER_NONNULL = YES;
				CLANG_ANALYZER_NUMBER_OBJECT_CONVERSION = YES_AGGRESSIVE;
				CLANG_CXX_LANGUAGE_STANDARD = "gnu++20";
				CLANG_ENABLE_MODULES = YES;
				CLANG_ENABLE_OBJC_ARC = YES;
				CLANG_ENABLE_OBJC_WEAK = YES;
				CLANG_WARN_BLOCK_CAPTURE_AUTORELEASING = YES;
				CLANG_WARN_BOOL_CONVERSION = YES;
				CLANG_WARN_COMMA = YES;
				CLANG_WARN_CONSTANT_CONVERSION = YES;
				CLANG_WARN_DEPRECATED_OBJC_IMPLEMENTATIONS = YES;
				CLANG_WARN_DIRECT_OBJC_ISA_USAGE = YES_ERROR;
				CLANG_WARN_DOCUMENTATION_COMMENTS = YES;
				CLANG_WARN_EMPTY_BODY = YES;
				CLANG_WARN_ENUM_CONVERSION = YES;
				CLANG_WARN_INFINITE_RECURSION = YES;
				CLANG_WARN_INT_CONVERSION = YES;
				CLANG_WARN_NON_LITERAL_NULL_CONVERSION = YES;
				CLANG_WARN_OBJC_IMPLICIT_RETAIN_SELF = YES;
				CLANG_WARN_OBJC_LITERAL_CONVERSION = YES;
				CLANG_WARN_OBJC_ROOT_CLASS = YES_ERROR;
				CLANG_WARN_QUOTED_INCLUDE_IN_FRAMEWORK_HEADER = YES;
				CLANG_WARN_RANGE_LOOP_ANALYSIS = YES;
				CLANG_WARN_STRICT_PROTOTYPES = YES;
				CLANG_WARN_SUSPICIOUS_MOVE = YES;
				CLANG_WARN_UNGUARDED_AVAILABILITY = YES_AGGRESSIVE;
				CLANG_WARN_UNREACHABLE_CODE = YES;
				CLANG_WARN__DUPLICATE_METHOD_MATCH = YES;
				COPY_PHASE_STRIP = NO;
				DEBUG_INFORMATION_FORMAT = "dwarf-with-dsym";
				ENABLE_NS_ASSERTIONS = NO;
				ENABLE_STRICT_OBJC_MSGSEND = YES;
				GCC_C_LANGUAGE_STANDARD = gnu11;
				GCC_NO_COMMON_BLOCKS = YES;
				GCC_WARN_64_TO_32_BIT_CONVERSION = YES;
				GCC_WARN_ABOUT_RETURN_TYPE = YES_ERROR;
				GCC_WARN_UNDECLARED_SELECTOR = YES;
				GCC_WARN_UNINITIALIZED_AUTOS = YES_AGGRESSIVE;
				GCC_WARN_UNUSED_FUNCTION = YES;
				GCC_WARN_UNUSED_VARIABLE = YES;
				MTL_ENABLE_DEBUG_INFO = NO;
				MTL_FAST_MATH = YES;
				SDKROOT = appletvos;
				SWIFT_COMPILATION_MODE = wholemodule;
				SWIFT_OPTIMIZATION_LEVEL = "-O";
				TVOS_DEPLOYMENT_TARGET = 16.0;
				VALIDATE_PRODUCT = YES;
			};
			name = Release;
		};
		B24DBAC929B01DCD0021B2E9 /* Debug */ = {
			isa = XCBuildConfiguration;
			buildSettings = {
				ASSETCATALOG_COMPILER_APPICON_NAME = "App Icon & Top Shelf Image";
				ASSETCATALOG_COMPILER_GLOBAL_ACCENT_COLOR_NAME = AccentColor;
				CODE_SIGN_STYLE = Automatic;
				CURRENT_PROJECT_VERSION = 1;
				DEVELOPMENT_ASSET_PATHS = "\"TVOS+SwiftUI+Combine/Preview Content\"";
				DEVELOPMENT_TEAM = RVUFYQ6N85;
				ENABLE_PREVIEWS = YES;
				GENERATE_INFOPLIST_FILE = YES;
				INFOPLIST_KEY_UILaunchScreen_Generation = YES;
				INFOPLIST_KEY_UIUserInterfaceStyle = Automatic;
				LD_RUNPATH_SEARCH_PATHS = (
					"$(inherited)",
					"@executable_path/Frameworks",
				);
				MARKETING_VERSION = 1.0;
				PRODUCT_BUNDLE_IDENTIFIER = "KOVIGROUP.TVOS-SwiftUI-Combine";
				PRODUCT_NAME = "$(TARGET_NAME)";
				SWIFT_EMIT_LOC_STRINGS = YES;
				SWIFT_VERSION = 5.0;
				TARGETED_DEVICE_FAMILY = 3;
			};
			name = Debug;
		};
		B24DBACA29B01DCD0021B2E9 /* Release */ = {
			isa = XCBuildConfiguration;
			buildSettings = {
				ASSETCATALOG_COMPILER_APPICON_NAME = "App Icon & Top Shelf Image";
				ASSETCATALOG_COMPILER_GLOBAL_ACCENT_COLOR_NAME = AccentColor;
				CODE_SIGN_STYLE = Automatic;
				CURRENT_PROJECT_VERSION = 1;
				DEVELOPMENT_ASSET_PATHS = "\"TVOS+SwiftUI+Combine/Preview Content\"";
				DEVELOPMENT_TEAM = RVUFYQ6N85;
				ENABLE_PREVIEWS = YES;
				GENERATE_INFOPLIST_FILE = YES;
				INFOPLIST_KEY_UILaunchScreen_Generation = YES;
				INFOPLIST_KEY_UIUserInterfaceStyle = Automatic;
				LD_RUNPATH_SEARCH_PATHS = (
					"$(inherited)",
					"@executable_path/Frameworks",
				);
				MARKETING_VERSION = 1.0;
				PRODUCT_BUNDLE_IDENTIFIER = "KOVIGROUP.TVOS-SwiftUI-Combine";
				PRODUCT_NAME = "$(TARGET_NAME)";
				SWIFT_EMIT_LOC_STRINGS = YES;
				SWIFT_VERSION = 5.0;
				TARGETED_DEVICE_FAMILY = 3;
			};
			name = Release;
		};
/* End XCBuildConfiguration section */

/* Begin XCConfigurationList section */
		B24DBAB529B01DCC0021B2E9 /* Build configuration list for PBXProject "TVOS+SwiftUI+Combine" */ = {
			isa = XCConfigurationList;
			buildConfigurations = (
				B24DBAC629B01DCD0021B2E9 /* Debug */,
				B24DBAC729B01DCD0021B2E9 /* Release */,
			);
			defaultConfigurationIsVisible = 0;
			defaultConfigurationName = Release;
		};
		B24DBAC829B01DCD0021B2E9 /* Build configuration list for PBXNativeTarget "TVOS+SwiftUI+Combine" */ = {
			isa = XCConfigurationList;
			buildConfigurations = (
				B24DBAC929B01DCD0021B2E9 /* Debug */,
				B24DBACA29B01DCD0021B2E9 /* Release */,
			);
			defaultConfigurationIsVisible = 0;
			defaultConfigurationName = Release;
		};
/* End XCConfigurationList section */
	};
	rootObject = B24DBAB229B01DCC0021B2E9 /* Project object */;
}
